# This file is automatically @generated by Cargo.
# It is not intended for manual editing.
version = 3

[[package]]
name = "fizz_buzz"
version = "0.1.0"
dependencies = [
 "itoap",
]

[[package]]
name = "itoap"
version = "1.0.1"
source = "registry+https://github.com/rust-lang/crates.io-index"
checksum = "9028f49264629065d057f340a86acb84867925865f73bbf8d47b4d149a7e88b8"
